{
    "hash": "c815c51663a9f8a9743f8713948cb9d9",
    "packages": [

    ],
    "packages-dev": [
        {
            "name": "ellislab/codeigniter",
            "version": "2.1.0",
            "dist": {
                "type": "zip",
                "url": "http://codeigniter.com/download_files/reactor/CodeIgniter_2.1.0.zip",
                "reference": null,
                "shasum": null
            },
            "type": "library",
            "installation-source": "dist",
            "autoload": {
                "classmap": [
                    "application/",
                    "system/"
                ]
            }
        }
    ],
    "aliases": [

    ],
    "minimum-stability": "stable",
    "stability-flags": [

    ]
}
